// !$*UTF8*$!
{
	archiveVersion = 1;
	classes = {
	};
	objectVersion = 50;
	objects = {

/* Begin PBXBuildFile section */
		1FE737EDD4C88A1A2E4D9B8E /* libPods-Project Group 10.a in Frameworks */ = {isa = PBXBuildFile; fileRef = E2588748C6A3F424151D77F3 /* libPods-Project Group 10.a */; };
		FA051F8B2153F0BE00DA91E8 /* AppDelegate.swift in Sources */ = {isa = PBXBuildFile; fileRef = FA051F8A2153F0BE00DA91E8 /* AppDelegate.swift */; };
		FA051F8D2153F0BE00DA91E8 /* ViewController.swift in Sources */ = {isa = PBXBuildFile; fileRef = FA051F8C2153F0BE00DA91E8 /* ViewController.swift */; };
		FA051F902153F0BE00DA91E8 /* Main.storyboard in Resources */ = {isa = PBXBuildFile; fileRef = FA051F8E2153F0BE00DA91E8 /* Main.storyboard */; };
		FA051F952153F0C000DA91E8 /* LaunchScreen.storyboard in Resources */ = {isa = PBXBuildFile; fileRef = FA051F932153F0C000DA91E8 /* LaunchScreen.storyboard */; };
		FA051F9F2153F10900DA91E8 /* CloudKit.framework in Frameworks */ = {isa = PBXBuildFile; fileRef = FA051F9E2153F10900DA91E8 /* CloudKit.framework */; };
		FA33CBCA21ADA361002621DA /* Photos.swift in Sources */ = {isa = PBXBuildFile; fileRef = FA33CBC921ADA361002621DA /* Photos.swift */; };
		FA714F6521A606F600AD9CE7 /* UploadViewController.swift in Sources */ = {isa = PBXBuildFile; fileRef = FA714F6421A606F600AD9CE7 /* UploadViewController.swift */; };
		FA72D1492198FF0C0024F6EF /* Assets.xcassets in Resources */ = {isa = PBXBuildFile; fileRef = FA051F912153F0C000DA91E8 /* Assets.xcassets */; };
		FA72D14B219E88560024F6EF /* AccountViewController.swift in Sources */ = {isa = PBXBuildFile; fileRef = FA72D14A219E88560024F6EF /* AccountViewController.swift */; };
		FA82DBFF217CEA4400AB5ED7 /* GoogleService-Info.plist in Resources */ = {isa = PBXBuildFile; fileRef = FA82DBFE217CEA4400AB5ED7 /* GoogleService-Info.plist */; };
		FA993CEE2181314C001A78D7 /* MainPageViewController.swift in Sources */ = {isa = PBXBuildFile; fileRef = FA993CED2181314C001A78D7 /* MainPageViewController.swift */; };
		FAD0CC53217FDB0F0080AED0 /* SignUpViewController.swift in Sources */ = {isa = PBXBuildFile; fileRef = FAD0CC52217FDB0F0080AED0 /* SignUpViewController.swift */; };
/* End PBXBuildFile section */

/* Begin PBXFileReference section */
		38749F72E29DE5F821A20D76 /* Pods-Project Group 10.debug.xcconfig */ = {isa = PBXFileReference; includeInIndex = 1; lastKnownFileType = text.xcconfig; name = "Pods-Project Group 10.debug.xcconfig"; path = "Pods/Target Support Files/Pods-Project Group 10/Pods-Project Group 10.debug.xcconfig"; sourceTree = "<group>"; };
		8CAA3E6B541D915AB4D39D8C /* Pods-Project Group 10.release.xcconfig */ = {isa = PBXFileReference; includeInIndex = 1; lastKnownFileType = text.xcconfig; name = "Pods-Project Group 10.release.xcconfig"; path = "Pods/Target Support Files/Pods-Project Group 10/Pods-Project Group 10.release.xcconfig"; sourceTree = "<group>"; };
		E2588748C6A3F424151D77F3 /* libPods-Project Group 10.a */ = {isa = PBXFileReference; explicitFileType = archive.ar; includeInIndex = 0; path = "libPods-Project Group 10.a"; sourceTree = BUILT_PRODUCTS_DIR; };
		FA051F872153F0BE00DA91E8 /* Project Group 10.app */ = {isa = PBXFileReference; explicitFileType = wrapper.application; includeInIndex = 0; path = "Project Group 10.app"; sourceTree = BUILT_PRODUCTS_DIR; };
		FA051F8A2153F0BE00DA91E8 /* AppDelegate.swift */ = {isa = PBXFileReference; lastKnownFileType = sourcecode.swift; path = AppDelegate.swift; sourceTree = "<group>"; };
		FA051F8C2153F0BE00DA91E8 /* ViewController.swift */ = {isa = PBXFileReference; lastKnownFileType = sourcecode.swift; path = ViewController.swift; sourceTree = "<group>"; };
		FA051F8F2153F0BE00DA91E8 /* Base */ = {isa = PBXFileReference; lastKnownFileType = file.storyboard; name = Base; path = Base.lproj/Main.storyboard; sourceTree = "<group>"; };
		FA051F912153F0C000DA91E8 /* Assets.xcassets */ = {isa = PBXFileReference; lastKnownFileType = folder.assetcatalog; path = Assets.xcassets; sourceTree = "<group>"; };
		FA051F942153F0C000DA91E8 /* Base */ = {isa = PBXFileReference; lastKnownFileType = file.storyboard; name = Base; path = Base.lproj/LaunchScreen.storyboard; sourceTree = "<group>"; };
		FA051F962153F0C000DA91E8 /* Info.plist */ = {isa = PBXFileReference; lastKnownFileType = text.plist.xml; path = Info.plist; sourceTree = "<group>"; };
		FA051F9C2153F0FE00DA91E8 /* Project Group 10.entitlements */ = {isa = PBXFileReference; lastKnownFileType = text.plist.entitlements; path = "Project Group 10.entitlements"; sourceTree = "<group>"; };
		FA051F9E2153F10900DA91E8 /* CloudKit.framework */ = {isa = PBXFileReference; lastKnownFileType = wrapper.framework; name = CloudKit.framework; path = System/Library/Frameworks/CloudKit.framework; sourceTree = SDKROOT; };
		FA33CBC921ADA361002621DA /* Photos.swift */ = {isa = PBXFileReference; lastKnownFileType = sourcecode.swift; path = Photos.swift; sourceTree = "<group>"; };
		FA714F6421A606F600AD9CE7 /* UploadViewController.swift */ = {isa = PBXFileReference; lastKnownFileType = sourcecode.swift; path = UploadViewController.swift; sourceTree = "<group>"; };
		FA72D14A219E88560024F6EF /* AccountViewController.swift */ = {isa = PBXFileReference; lastKnownFileType = sourcecode.swift; path = AccountViewController.swift; sourceTree = "<group>"; };
		FA82DBFE217CEA4400AB5ED7 /* GoogleService-Info.plist */ = {isa = PBXFileReference; fileEncoding = 4; lastKnownFileType = text.plist.xml; name = "GoogleService-Info.plist"; path = "../../../../Downloads/GoogleService-Info.plist"; sourceTree = "<group>"; };
		FA993CED2181314C001A78D7 /* MainPageViewController.swift */ = {isa = PBXFileReference; lastKnownFileType = sourcecode.swift; path = MainPageViewController.swift; sourceTree = "<group>"; };
		FAD0CC52217FDB0F0080AED0 /* SignUpViewController.swift */ = {isa = PBXFileReference; lastKnownFileType = sourcecode.swift; path = SignUpViewController.swift; sourceTree = "<group>"; };
/* End PBXFileReference section */

/* Begin PBXFrameworksBuildPhase section */
		FA051F842153F0BE00DA91E8 /* Frameworks */ = {
			isa = PBXFrameworksBuildPhase;
			buildActionMask = 2147483647;
			files = (
				FA051F9F2153F10900DA91E8 /* CloudKit.framework in Frameworks */,
				1FE737EDD4C88A1A2E4D9B8E /* libPods-Project Group 10.a in Frameworks */,
			);
			runOnlyForDeploymentPostprocessing = 0;
		};
/* End PBXFrameworksBuildPhase section */

/* Begin PBXGroup section */
		574354A39E414B442B9D4EB5 /* Pods */ = {
			isa = PBXGroup;
			children = (
				38749F72E29DE5F821A20D76 /* Pods-Project Group 10.debug.xcconfig */,
				8CAA3E6B541D915AB4D39D8C /* Pods-Project Group 10.release.xcconfig */,
			);
			name = Pods;
			sourceTree = "<group>";
		};
		FA051F7E2153F0BE00DA91E8 = {
			isa = PBXGroup;
			children = (
				FA33CBC821ADA34C002621DA /* Model */,
				FA051F892153F0BE00DA91E8 /* Project Group 10 */,
				FA051F882153F0BE00DA91E8 /* Products */,
				FA051F9D2153F10900DA91E8 /* Frameworks */,
				574354A39E414B442B9D4EB5 /* Pods */,
			);
			sourceTree = "<group>";
		};
		FA051F882153F0BE00DA91E8 /* Products */ = {
			isa = PBXGroup;
			children = (
				FA051F872153F0BE00DA91E8 /* Project Group 10.app */,
			);
			name = Products;
			sourceTree = "<group>";
		};
		FA051F892153F0BE00DA91E8 /* Project Group 10 */ = {
			isa = PBXGroup;
			children = (
				FA051F9C2153F0FE00DA91E8 /* Project Group 10.entitlements */,
				FA051F8A2153F0BE00DA91E8 /* AppDelegate.swift */,
				FA051F8C2153F0BE00DA91E8 /* ViewController.swift */,
				FAD0CC52217FDB0F0080AED0 /* SignUpViewController.swift */,
				FA993CED2181314C001A78D7 /* MainPageViewController.swift */,
				FA72D14A219E88560024F6EF /* AccountViewController.swift */,
				FA714F6421A606F600AD9CE7 /* UploadViewController.swift */,
				FA051F8E2153F0BE00DA91E8 /* Main.storyboard */,
				FA051F912153F0C000DA91E8 /* Assets.xcassets */,
				FA051F932153F0C000DA91E8 /* LaunchScreen.storyboard */,
				FA82DBFE217CEA4400AB5ED7 /* GoogleService-Info.plist */,
				FA051F962153F0C000DA91E8 /* Info.plist */,
			);
			path = "Project Group 10";
			sourceTree = "<group>";
		};
		FA051F9D2153F10900DA91E8 /* Frameworks */ = {
			isa = PBXGroup;
			children = (
				FA051F9E2153F10900DA91E8 /* CloudKit.framework */,
				E2588748C6A3F424151D77F3 /* libPods-Project Group 10.a */,
			);
			name = Frameworks;
			sourceTree = "<group>";
		};
		FA33CBC821ADA34C002621DA /* Model */ = {
			isa = PBXGroup;
			children = (
				FA33CBC921ADA361002621DA /* Photos.swift */,
			);
			path = Model;
			sourceTree = "<group>";
		};
/* End PBXGroup section */

/* Begin PBXNativeTarget section */
		FA051F862153F0BE00DA91E8 /* Project Group 10 */ = {
			isa = PBXNativeTarget;
			buildConfigurationList = FA051F992153F0C000DA91E8 /* Build configuration list for PBXNativeTarget "Project Group 10" */;
			buildPhases = (
				E711B1E10A4627A648AE513D /* [CP] Check Pods Manifest.lock */,
				FA051F832153F0BE00DA91E8 /* Sources */,
				FA051F842153F0BE00DA91E8 /* Frameworks */,
				FA051F852153F0BE00DA91E8 /* Resources */,
			);
			buildRules = (
			);
			dependencies = (
			);
			name = "Project Group 10";
			productName = "Project Group 10";
			productReference = FA051F872153F0BE00DA91E8 /* Project Group 10.app */;
			productType = "com.apple.product-type.application";
		};
/* End PBXNativeTarget section */

/* Begin PBXProject section */
		FA051F7F2153F0BE00DA91E8 /* Project object */ = {
			isa = PBXProject;
			attributes = {
				LastSwiftUpdateCheck = 1000;
				LastUpgradeCheck = 1000;
				ORGANIZATIONNAME = "Vince Nguyen";
				TargetAttributes = {
					FA051F862153F0BE00DA91E8 = {
						CreatedOnToolsVersion = 10.0;
						SystemCapabilities = {
							com.apple.Push = {
								enabled = 1;
							};
							com.apple.iCloud = {
								enabled = 1;
							};
						};
					};
				};
			};
			buildConfigurationList = FA051F822153F0BE00DA91E8 /* Build configuration list for PBXProject "Project Group 10" */;
			compatibilityVersion = "Xcode 9.3";
			developmentRegion = en;
			hasScannedForEncodings = 0;
			knownRegions = (
				en,
				Base,
			);
			mainGroup = FA051F7E2153F0BE00DA91E8;
			productRefGroup = FA051F882153F0BE00DA91E8 /* Products */;
			projectDirPath = "";
			projectRoot = "";
			targets = (
				FA051F862153F0BE00DA91E8 /* Project Group 10 */,
			);
		};
/* End PBXProject section */

/* Begin PBXResourcesBuildPhase section */
		FA051F852153F0BE00DA91E8 /* Resources */ = {
			isa = PBXResourcesBuildPhase;
			buildActionMask = 2147483647;
			files = (
				FA051F952153F0C000DA91E8 /* LaunchScreen.storyboard in Resources */,
				FA82DBFF217CEA4400AB5ED7 /* GoogleService-Info.plist in Resources */,
				FA72D1492198FF0C0024F6EF /* Assets.xcassets in Resources */,
				FA051F902153F0BE00DA91E8 /* Main.storyboard in Resources */,
			);
			runOnlyForDeploymentPostprocessing = 0;
		};
/* End PBXResourcesBuildPhase section */

/* Begin PBXShellScriptBuildPhase section */
		E711B1E10A4627A648AE513D /* [CP] Check Pods Manifest.lock */ = {
			isa = PBXShellScriptBuildPhase;
			buildActionMask = 2147483647;
			files = (
			);
			inputFileListPaths = (
			);
			inputPaths = (
				"${PODS_PODFILE_DIR_PATH}/Podfile.lock",
				"${PODS_ROOT}/Manifest.lock",
			);
			name = "[CP] Check Pods Manifest.lock";
			outputFileListPaths = (
			);
			outputPaths = (
				"$(DERIVED_FILE_DIR)/Pods-Project Group 10-checkManifestLockResult.txt",
			);
			runOnlyForDeploymentPostprocessing = 0;
			shellPath = /bin/sh;
			shellScript = "diff \"${PODS_PODFILE_DIR_PATH}/Podfile.lock\" \"${PODS_ROOT}/Manifest.lock\" > /dev/null\nif [ $? != 0 ] ; then\n    # print error to STDERR\n    echo \"error: The sandbox is not in sync with the Podfile.lock. Run 'pod install' or update your CocoaPods installation.\" >&2\n    exit 1\nfi\n# This output is used by Xcode 'outputs' to avoid re-running this script phase.\necho \"SUCCESS\" > \"${SCRIPT_OUTPUT_FILE_0}\"\n";
			showEnvVarsInLog = 0;
		};
/* End PBXShellScriptBuildPhase section */

/* Begin PBXSourcesBuildPhase section */
		FA051F832153F0BE00DA91E8 /* Sources */ = {
			isa = PBXSourcesBuildPhase;
			buildActionMask = 2147483647;
			files = (
				FA993CEE2181314C001A78D7 /* MainPageViewController.swift in Sources */,
				FA714F6521A606F600AD9CE7 /* UploadViewController.swift in Sources */,
				FA72D14B219E88560024F6EF /* AccountViewController.swift in Sources */,
				FAD0CC53217FDB0F0080AED0 /* SignUpViewController.swift in Sources */,
				FA051F8D2153F0BE00DA91E8 /* ViewController.swift in Sources */,
				FA051F8B2153F0BE00DA91E8 /* AppDelegate.swift in Sources */,
				FA33CBCA21ADA361002621DA /* Photos.swift in Sources */,
			);
			runOnlyForDeploymentPostprocessing = 0;
		};
/* End PBXSourcesBuildPhase section */

/* Begin PBXVariantGroup section */
		FA051F8E2153F0BE00DA91E8 /* Main.storyboard */ = {
			isa = PBXVariantGroup;
			children = (
				FA051F8F2153F0BE00DA91E8 /* Base */,
			);
			name = Main.storyboard;
			sourceTree = "<group>";
		};
		FA051F932153F0C000DA91E8 /* LaunchScreen.storyboard */ = {
			isa = PBXVariantGroup;
			children = (
				FA051F942153F0C000DA91E8 /* Base */,
			);
			name = LaunchScreen.storyboard;
			sourceTree = "<group>";
		};
/* End PBXVariantGroup section */

/* Begin XCBuildConfiguration section */
		FA051F972153F0C000DA91E8 /* Debug */ = {
			isa = XCBuildConfiguration;
			buildSettings = {
				ALWAYS_SEARCH_USER_PATHS = NO;
				CLANG_ANALYZER_NONNULL = YES;
				CLANG_ANALYZER_NUMBER_OBJECT_CONVERSION = YES_AGGRESSIVE;
				CLANG_CXX_LANGUAGE_STANDARD = "gnu++14";
				CLANG_CXX_LIBRARY = "libc++";
				CLANG_ENABLE_MODULES = YES;
				CLANG_ENABLE_OBJC_ARC = YES;
				CLANG_ENABLE_OBJC_WEAK = YES;
				CLANG_WARN_BLOCK_CAPTURE_AUTORELEASING = YES;
				CLANG_WARN_BOOL_CONVERSION = YES;
				CLANG_WARN_COMMA = YES;
				CLANG_WARN_CONSTANT_CONVERSION = YES;
				CLANG_WARN_DEPRECATED_OBJC_IMPLEMENTATIONS = YES;
				CLANG_WARN_DIRECT_OBJC_ISA_USAGE = YES_ERROR;
				CLANG_WARN_DOCUMENTATION_COMMENTS = YES;
				CLANG_WARN_EMPTY_BODY = YES;
				CLANG_WARN_ENUM_CONVERSION = YES;
				CLANG_WARN_INFINITE_RECURSION = YES;
				CLANG_WARN_INT_CONVERSION = YES;
				CLANG_WARN_NON_LITERAL_NULL_CONVERSION = YES;
				CLANG_WARN_OBJC_IMPLICIT_RETAIN_SELF = YES;
				CLANG_WARN_OBJC_LITERAL_CONVERSION = YES;
				CLANG_WARN_OBJC_ROOT_CLASS = YES_ERROR;
				CLANG_WARN_RANGE_LOOP_ANALYSIS = YES;
				CLANG_WARN_STRICT_PROTOTYPES = YES;
				CLANG_WARN_SUSPICIOUS_MOVE = YES;
				CLANG_WARN_UNGUARDED_AVAILABILITY = YES_AGGRESSIVE;
				CLANG_WARN_UNREACHABLE_CODE = YES;
				CLANG_WARN__DUPLICATE_METHOD_MATCH = YES;
				CODE_SIGN_IDENTITY = "iPhone Developer";
				COPY_PHASE_STRIP = NO;
				DEBUG_INFORMATION_FORMAT = dwarf;
				ENABLE_STRICT_OBJC_MSGSEND = YES;
				ENABLE_TESTABILITY = YES;
				GCC_C_LANGUAGE_STANDARD = gnu11;
				GCC_DYNAMIC_NO_PIC = NO;
				GCC_NO_COMMON_BLOCKS = YES;
				GCC_OPTIMIZATION_LEVEL = 0;
				GCC_PREPROCESSOR_DEFINITIONS = (
					"DEBUG=1",
					"$(inherited)",
				);
				GCC_WARN_64_TO_32_BIT_CONVERSION = YES;
				GCC_WARN_ABOUT_RETURN_TYPE = YES_ERROR;
				GCC_WARN_UNDECLARED_SELECTOR = YES;
				GCC_WARN_UNINITIALIZED_AUTOS = YES_AGGRESSIVE;
				GCC_WARN_UNUSED_FUNCTION = YES;
				GCC_WARN_UNUSED_VARIABLE = YES;
				IPHONEOS_DEPLOYMENT_TARGET = 12.0;
				MTL_ENABLE_DEBUG_INFO = INCLUDE_SOURCE;
				MTL_FAST_MATH = YES;
				ONLY_ACTIVE_ARCH = YES;
				SDKROOT = iphoneos;
				SWIFT_ACTIVE_COMPILATION_CONDITIONS = DEBUG;
				SWIFT_OPTIMIZATION_LEVEL = "-Onone";
			};
			name = Debug;
		};
		FA051F982153F0C000DA91E8 /* Release */ = {
			isa = XCBuildConfiguration;
			buildSettings = {
				ALWAYS_SEARCH_USER_PATHS = NO;
				CLANG_ANALYZER_NONNULL = YES;
				CLANG_ANALYZER_NUMBER_OBJECT_CONVERSION = YES_AGGRESSIVE;
				CLANG_CXX_LANGUAGE_STANDARD = "gnu++14";
				CLANG_CXX_LIBRARY = "libc++";
				CLANG_ENABLE_MODULES = YES;
				CLANG_ENABLE_OBJC_ARC = YES;
				CLANG_ENABLE_OBJC_WEAK = YES;
				CLANG_WARN_BLOCK_CAPTURE_AUTORELEASING = YES;
				CLANG_WARN_BOOL_CONVERSION = YES;
				CLANG_WARN_COMMA = YES;
				CLANG_WARN_CONSTANT_CONVERSION = YES;
				CLANG_WARN_DEPRECATED_OBJC_IMPLEMENTATIONS = YES;
				CLANG_WARN_DIRECT_OBJC_ISA_USAGE = YES_ERROR;
				CLANG_WARN_DOCUMENTATION_COMMENTS = YES;
				CLANG_WARN_EMPTY_BODY = YES;
				CLANG_WARN_ENUM_CONVERSION = YES;
				CLANG_WARN_INFINITE_RECURSION = YES;
				CLANG_WARN_INT_CONVERSION = YES;
				CLANG_WARN_NON_LITERAL_NULL_CONVERSION = YES;
				CLANG_WARN_OBJC_IMPLICIT_RETAIN_SELF = YES;
				CLANG_WARN_OBJC_LITERAL_CONVERSION = YES;
				CLANG_WARN_OBJC_ROOT_CLASS = YES_ERROR;
				CLANG_WARN_RANGE_LOOP_ANALYSIS = YES;
				CLANG_WARN_STRICT_PROTOTYPES = YES;
				CLANG_WARN_SUSPICIOUS_MOVE = YES;
				CLANG_WARN_UNGUARDED_AVAILABILITY = YES_AGGRESSIVE;
				CLANG_WARN_UNREACHABLE_CODE = YES;
				CLANG_WARN__DUPLICATE_METHOD_MATCH = YES;
				CODE_SIGN_IDENTITY = "iPhone Developer";
				COPY_PHASE_STRIP = NO;
				DEBUG_INFORMATION_FORMAT = "dwarf-with-dsym";
				ENABLE_NS_ASSERTIONS = NO;
				ENABLE_STRICT_OBJC_MSGSEND = YES;
				GCC_C_LANGUAGE_STANDARD = gnu11;
				GCC_NO_COMMON_BLOCKS = YES;
				GCC_WARN_64_TO_32_BIT_CONVERSION = YES;
				GCC_WARN_ABOUT_RETURN_TYPE = YES_ERROR;
				GCC_WARN_UNDECLARED_SELECTOR = YES;
				GCC_WARN_UNINITIALIZED_AUTOS = YES_AGGRESSIVE;
				GCC_WARN_UNUSED_FUNCTION = YES;
				GCC_WARN_UNUSED_VARIABLE = YES;
				IPHONEOS_DEPLOYMENT_TARGET = 12.0;
				MTL_ENABLE_DEBUG_INFO = NO;
				MTL_FAST_MATH = YES;
				SDKROOT = iphoneos;
				SWIFT_COMPILATION_MODE = wholemodule;
				SWIFT_OPTIMIZATION_LEVEL = "-O";
				VALIDATE_PRODUCT = YES;
			};
			name = Release;
		};
		FA051F9A2153F0C000DA91E8 /* Debug */ = {
			isa = XCBuildConfiguration;
			baseConfigurationReference = 38749F72E29DE5F821A20D76 /* Pods-Project Group 10.debug.xcconfig */;
			buildSettings = {
				ASSETCATALOG_COMPILER_APPICON_NAME = AppIcon;
				CODE_SIGN_ENTITLEMENTS = "Project Group 10/Project Group 10.entitlements";
				CODE_SIGN_STYLE = Automatic;
				DEVELOPMENT_TEAM = 6WA6Y7KBQJ;
				INFOPLIST_FILE = "Project Group 10/Info.plist";
				IPHONEOS_DEPLOYMENT_TARGET = 12.0;
				LD_RUNPATH_SEARCH_PATHS = (
					"$(inherited)",
					"@executable_path/Frameworks",
				);
				PRODUCT_BUNDLE_IDENTIFIER = "edu.sjsu.compe137.Project-Group-10";
				PRODUCT_NAME = "$(TARGET_NAME)";
				SWIFT_VERSION = 4.2;
				TARGETED_DEVICE_FAMILY = "1,2";
			};
			name = Debug;
		};
		FA051F9B2153F0C000DA91E8 /* Release */ = {
			isa = XCBuildConfiguration;
			baseConfigurationReference = 8CAA3E6B541D915AB4D39D8C /* Pods-Project Group 10.release.xcconfig */;
			buildSettings = {
				ASSETCATALOG_COMPILER_APPICON_NAME = AppIcon;
				CODE_SIGN_ENTITLEMENTS = "Project Group 10/Project Group 10.entitlements";
				CODE_SIGN_STYLE = Automatic;
				DEVELOPMENT_TEAM = 6WA6Y7KBQJ;
				INFOPLIST_FILE = "Project Group 10/Info.plist";
				IPHONEOS_DEPLOYMENT_TARGET = 12.0;
				LD_RUNPATH_SEARCH_PATHS = (
					"$(inherited)",
					"@executable_path/Frameworks",
				);
				PRODUCT_BUNDLE_IDENTIFIER = "edu.sjsu.compe137.Project-Group-10";
				PRODUCT_NAME = "$(TARGET_NAME)";
				SWIFT_VERSION = 4.2;
				TARGETED_DEVICE_FAMILY = "1,2";
			};
			name = Release;
		};
/* End XCBuildConfiguration section */

/* Begin XCConfigurationList section */
		FA051F822153F0BE00DA91E8 /* Build configuration list for PBXProject "Project Group 10" */ = {
			isa = XCConfigurationList;
			buildConfigurations = (
				FA051F972153F0C000DA91E8 /* Debug */,
				FA051F982153F0C000DA91E8 /* Release */,
			);
			defaultConfigurationIsVisible = 0;
			defaultConfigurationName = Release;
		};
		FA051F992153F0C000DA91E8 /* Build configuration list for PBXNativeTarget "Project Group 10" */ = {
			isa = XCConfigurationList;
			buildConfigurations = (
				FA051F9A2153F0C000DA91E8 /* Debug */,
				FA051F9B2153F0C000DA91E8 /* Release */,
			);
			defaultConfigurationIsVisible = 0;
			defaultConfigurationName = Release;
		};
/* End XCConfigurationList section */
	};
	rootObject = FA051F7F2153F0BE00DA91E8 /* Project object */;
}
